// !$*UTF8*$!
{
	archiveVersion = 1;
	classes = {
	};
	objectVersion = 55;
	objects = {

/* Begin PBXBuildFile section */
		5229FBAD2727978C00967EF5 /* DetailViewController.swift in Sources */ = {isa = PBXBuildFile; fileRef = 5229FBAC2727978C00967EF5 /* DetailViewController.swift */; };
		5233F267271E6D4700C94D21 /* TabBar.storyboard in Resources */ = {isa = PBXBuildFile; fileRef = 5233F266271E6D4700C94D21 /* TabBar.storyboard */; };
		52CAB1422721E7FD004EB6ED /* HomeViewController.swift in Sources */ = {isa = PBXBuildFile; fileRef = 52CAB1412721E7FD004EB6ED /* HomeViewController.swift */; };
		52E6964A271DCC7B00C4DAC1 /* AppDelegate.swift in Sources */ = {isa = PBXBuildFile; fileRef = 52E69649271DCC7B00C4DAC1 /* AppDelegate.swift */; };
		52E6964C271DCC7B00C4DAC1 /* SceneDelegate.swift in Sources */ = {isa = PBXBuildFile; fileRef = 52E6964B271DCC7B00C4DAC1 /* SceneDelegate.swift */; };
		52E6964E271DCC7B00C4DAC1 /* ViewController.swift in Sources */ = {isa = PBXBuildFile; fileRef = 52E6964D271DCC7B00C4DAC1 /* ViewController.swift */; };
		52E69651271DCC7B00C4DAC1 /* Main.storyboard in Resources */ = {isa = PBXBuildFile; fileRef = 52E6964F271DCC7B00C4DAC1 /* Main.storyboard */; };
		52E69653271DCC7E00C4DAC1 /* Assets.xcassets in Resources */ = {isa = PBXBuildFile; fileRef = 52E69652271DCC7E00C4DAC1 /* Assets.xcassets */; };
		52E69656271DCC7E00C4DAC1 /* LaunchScreen.storyboard in Resources */ = {isa = PBXBuildFile; fileRef = 52E69654271DCC7E00C4DAC1 /* LaunchScreen.storyboard */; };
		52E6965F271DE77D00C4DAC1 /* LoginViewController.swift in Sources */ = {isa = PBXBuildFile; fileRef = 52E6965E271DE77D00C4DAC1 /* LoginViewController.swift */; };
		52E69661271DFE1600C4DAC1 /* SignUpViewController.swift in Sources */ = {isa = PBXBuildFile; fileRef = 52E69660271DFE1600C4DAC1 /* SignUpViewController.swift */; };
		52F1BE702722586000E0AA45 /* OrderViewController.swift in Sources */ = {isa = PBXBuildFile; fileRef = 52F1BE6F2722585F00E0AA45 /* OrderViewController.swift */; };
		52F1BE722722586F00E0AA45 /* LocationViewController.swift in Sources */ = {isa = PBXBuildFile; fileRef = 52F1BE712722586F00E0AA45 /* LocationViewController.swift */; };
		52F1BE742722587800E0AA45 /* ProfileViewController.swift in Sources */ = {isa = PBXBuildFile; fileRef = 52F1BE732722587800E0AA45 /* ProfileViewController.swift */; };
		52F1BE7827226AE600E0AA45 /* OrderTableViewCell.swift in Sources */ = {isa = PBXBuildFile; fileRef = 52F1BE7627226AE600E0AA45 /* OrderTableViewCell.swift */; };
		52F1BE7927226AE600E0AA45 /* OrderTableViewCell.xib in Resources */ = {isa = PBXBuildFile; fileRef = 52F1BE7727226AE600E0AA45 /* OrderTableViewCell.xib */; };
		AE101798272CEF1E00672624 /* ChangePassControllerVC.swift in Sources */ = {isa = PBXBuildFile; fileRef = AE101797272CEF1E00672624 /* ChangePassControllerVC.swift */; };
		AE1B6E61272AB399001C6E48 /* ChangePFControllerVC.swift in Sources */ = {isa = PBXBuildFile; fileRef = AE1B6E60272AB399001C6E48 /* ChangePFControllerVC.swift */; };
		AE96CE5B272AA65700BE26B4 /* UpdatePFControlerVC.swift in Sources */ = {isa = PBXBuildFile; fileRef = AE96CE5A272AA65700BE26B4 /* UpdatePFControlerVC.swift */; };
/* End PBXBuildFile section */

/* Begin PBXFileReference section */
		5229FBAC2727978C00967EF5 /* DetailViewController.swift */ = {isa = PBXFileReference; lastKnownFileType = sourcecode.swift; path = DetailViewController.swift; sourceTree = "<group>"; };
		5233F266271E6D4700C94D21 /* TabBar.storyboard */ = {isa = PBXFileReference; lastKnownFileType = file.storyboard; path = TabBar.storyboard; sourceTree = "<group>"; };
		52CAB1412721E7FD004EB6ED /* HomeViewController.swift */ = {isa = PBXFileReference; lastKnownFileType = sourcecode.swift; path = HomeViewController.swift; sourceTree = "<group>"; };
		52E69646271DCC7B00C4DAC1 /* coffeeHub.app */ = {isa = PBXFileReference; explicitFileType = wrapper.application; includeInIndex = 0; path = coffeeHub.app; sourceTree = BUILT_PRODUCTS_DIR; };
		52E69649271DCC7B00C4DAC1 /* AppDelegate.swift */ = {isa = PBXFileReference; lastKnownFileType = sourcecode.swift; path = AppDelegate.swift; sourceTree = "<group>"; };
		52E6964B271DCC7B00C4DAC1 /* SceneDelegate.swift */ = {isa = PBXFileReference; lastKnownFileType = sourcecode.swift; path = SceneDelegate.swift; sourceTree = "<group>"; };
		52E6964D271DCC7B00C4DAC1 /* ViewController.swift */ = {isa = PBXFileReference; lastKnownFileType = sourcecode.swift; path = ViewController.swift; sourceTree = "<group>"; };
		52E69650271DCC7B00C4DAC1 /* Base */ = {isa = PBXFileReference; lastKnownFileType = file.storyboard; name = Base; path = Base.lproj/Main.storyboard; sourceTree = "<group>"; };
		52E69652271DCC7E00C4DAC1 /* Assets.xcassets */ = {isa = PBXFileReference; lastKnownFileType = folder.assetcatalog; path = Assets.xcassets; sourceTree = "<group>"; };
		52E69655271DCC7E00C4DAC1 /* Base */ = {isa = PBXFileReference; lastKnownFileType = file.storyboard; name = Base; path = Base.lproj/LaunchScreen.storyboard; sourceTree = "<group>"; };
		52E69657271DCC7E00C4DAC1 /* Info.plist */ = {isa = PBXFileReference; lastKnownFileType = text.plist.xml; path = Info.plist; sourceTree = "<group>"; };
		52E6965E271DE77D00C4DAC1 /* LoginViewController.swift */ = {isa = PBXFileReference; lastKnownFileType = sourcecode.swift; path = LoginViewController.swift; sourceTree = "<group>"; };
		52E69660271DFE1600C4DAC1 /* SignUpViewController.swift */ = {isa = PBXFileReference; lastKnownFileType = sourcecode.swift; path = SignUpViewController.swift; sourceTree = "<group>"; };
		52F1BE6F2722585F00E0AA45 /* OrderViewController.swift */ = {isa = PBXFileReference; lastKnownFileType = sourcecode.swift; path = OrderViewController.swift; sourceTree = "<group>"; };
		52F1BE712722586F00E0AA45 /* LocationViewController.swift */ = {isa = PBXFileReference; lastKnownFileType = sourcecode.swift; path = LocationViewController.swift; sourceTree = "<group>"; };
		52F1BE732722587800E0AA45 /* ProfileViewController.swift */ = {isa = PBXFileReference; lastKnownFileType = sourcecode.swift; path = ProfileViewController.swift; sourceTree = "<group>"; };
		52F1BE7627226AE600E0AA45 /* OrderTableViewCell.swift */ = {isa = PBXFileReference; lastKnownFileType = sourcecode.swift; path = OrderTableViewCell.swift; sourceTree = "<group>"; };
		52F1BE7727226AE600E0AA45 /* OrderTableViewCell.xib */ = {isa = PBXFileReference; lastKnownFileType = file.xib; path = OrderTableViewCell.xib; sourceTree = "<group>"; };
		AE101797272CEF1E00672624 /* ChangePassControllerVC.swift */ = {isa = PBXFileReference; lastKnownFileType = sourcecode.swift; path = ChangePassControllerVC.swift; sourceTree = "<group>"; };
		AE1B6E60272AB399001C6E48 /* ChangePFControllerVC.swift */ = {isa = PBXFileReference; lastKnownFileType = sourcecode.swift; path = ChangePFControllerVC.swift; sourceTree = "<group>"; };
		AE96CE5A272AA65700BE26B4 /* UpdatePFControlerVC.swift */ = {isa = PBXFileReference; lastKnownFileType = sourcecode.swift; path = UpdatePFControlerVC.swift; sourceTree = "<group>"; };
/* End PBXFileReference section */

/* Begin PBXFrameworksBuildPhase section */
		52E69643271DCC7B00C4DAC1 /* Frameworks */ = {
			isa = PBXFrameworksBuildPhase;
			buildActionMask = 2147483647;
			files = (
			);
			runOnlyForDeploymentPostprocessing = 0;
		};
/* End PBXFrameworksBuildPhase section */

/* Begin PBXGroup section */
		5233F265271E6CD500C94D21 /* view */ = {
			isa = PBXGroup;
			children = (
				52E6964F271DCC7B00C4DAC1 /* Main.storyboard */,
				5233F266271E6D4700C94D21 /* TabBar.storyboard */,
			);
			path = view;
			sourceTree = "<group>";
		};
		52CAB1402721E7C9004EB6ED /* TabBarController */ = {
			isa = PBXGroup;
			children = (
				AE96CE59272A9FB800BE26B4 /* ProfileVC */,
				52F1BE7527226A9900E0AA45 /* tableOrder  */,
				52CAB1412721E7FD004EB6ED /* HomeViewController.swift */,
				52F1BE712722586F00E0AA45 /* LocationViewController.swift */,
			);
			path = TabBarController;
			sourceTree = "<group>";
		};
		52E6963D271DCC7B00C4DAC1 = {
			isa = PBXGroup;
			children = (
				52E69648271DCC7B00C4DAC1 /* coffeeHub */,
				52E69647271DCC7B00C4DAC1 /* Products */,
			);
			sourceTree = "<group>";
		};
		52E69647271DCC7B00C4DAC1 /* Products */ = {
			isa = PBXGroup;
			children = (
				52E69646271DCC7B00C4DAC1 /* coffeeHub.app */,
			);
			name = Products;
			sourceTree = "<group>";
		};
		52E69648271DCC7B00C4DAC1 /* coffeeHub */ = {
			isa = PBXGroup;
			children = (
				52CAB1402721E7C9004EB6ED /* TabBarController */,
				5233F265271E6CD500C94D21 /* view */,
				52E6965D271DE74700C4DAC1 /* getStart&Login */,
				52E69649271DCC7B00C4DAC1 /* AppDelegate.swift */,
				52E6964B271DCC7B00C4DAC1 /* SceneDelegate.swift */,
				52E69652271DCC7E00C4DAC1 /* Assets.xcassets */,
				52E69654271DCC7E00C4DAC1 /* LaunchScreen.storyboard */,
				52E69657271DCC7E00C4DAC1 /* Info.plist */,
			);
			path = coffeeHub;
			sourceTree = "<group>";
		};
		52E6965D271DE74700C4DAC1 /* getStart&Login */ = {
			isa = PBXGroup;
			children = (
				52E6964D271DCC7B00C4DAC1 /* ViewController.swift */,
				52E6965E271DE77D00C4DAC1 /* LoginViewController.swift */,
				52E69660271DFE1600C4DAC1 /* SignUpViewController.swift */,
			);
			path = "getStart&Login";
			sourceTree = "<group>";
		};
		52F1BE7527226A9900E0AA45 /* tableOrder  */ = {
			isa = PBXGroup;
			children = (
				52F1BE6F2722585F00E0AA45 /* OrderViewController.swift */,
				52F1BE7627226AE600E0AA45 /* OrderTableViewCell.swift */,
				52F1BE7727226AE600E0AA45 /* OrderTableViewCell.xib */,
				5229FBAC2727978C00967EF5 /* DetailViewController.swift */,
			);
			path = "tableOrder ";
			sourceTree = "<group>";
		};
		AE96CE59272A9FB800BE26B4 /* ProfileVC */ = {
			isa = PBXGroup;
			children = (
				52F1BE732722587800E0AA45 /* ProfileViewController.swift */,
				AE96CE5A272AA65700BE26B4 /* UpdatePFControlerVC.swift */,
				AE1B6E60272AB399001C6E48 /* ChangePFControllerVC.swift */,
				AE101797272CEF1E00672624 /* ChangePassControllerVC.swift */,
			);
			path = ProfileVC;
			sourceTree = "<group>";
		};
/* End PBXGroup section */

/* Begin PBXNativeTarget section */
		52E69645271DCC7B00C4DAC1 /* coffeeHub */ = {
			isa = PBXNativeTarget;
			buildConfigurationList = 52E6965A271DCC7E00C4DAC1 /* Build configuration list for PBXNativeTarget "coffeeHub" */;
			buildPhases = (
				52E69642271DCC7B00C4DAC1 /* Sources */,
				52E69643271DCC7B00C4DAC1 /* Frameworks */,
				52E69644271DCC7B00C4DAC1 /* Resources */,
			);
			buildRules = (
			);
			dependencies = (
			);
			name = coffeeHub;
			productName = coffeeHub;
			productReference = 52E69646271DCC7B00C4DAC1 /* coffeeHub.app */;
			productType = "com.apple.product-type.application";
		};
/* End PBXNativeTarget section */

/* Begin PBXProject section */
		52E6963E271DCC7B00C4DAC1 /* Project object */ = {
			isa = PBXProject;
			attributes = {
				BuildIndependentTargetsInParallel = 1;
				LastSwiftUpdateCheck = 1300;
				LastUpgradeCheck = 1300;
				TargetAttributes = {
					52E69645271DCC7B00C4DAC1 = {
						CreatedOnToolsVersion = 13.0;
					};
				};
			};
			buildConfigurationList = 52E69641271DCC7B00C4DAC1 /* Build configuration list for PBXProject "coffeeHub" */;
			compatibilityVersion = "Xcode 13.0";
			developmentRegion = en;
			hasScannedForEncodings = 0;
			knownRegions = (
				en,
				Base,
			);
			mainGroup = 52E6963D271DCC7B00C4DAC1;
			productRefGroup = 52E69647271DCC7B00C4DAC1 /* Products */;
			projectDirPath = "";
			projectRoot = "";
			targets = (
				52E69645271DCC7B00C4DAC1 /* coffeeHub */,
			);
		};
/* End PBXProject section */

/* Begin PBXResourcesBuildPhase section */
		52E69644271DCC7B00C4DAC1 /* Resources */ = {
			isa = PBXResourcesBuildPhase;
			buildActionMask = 2147483647;
			files = (
				5233F267271E6D4700C94D21 /* TabBar.storyboard in Resources */,
				52F1BE7927226AE600E0AA45 /* OrderTableViewCell.xib in Resources */,
				52E69656271DCC7E00C4DAC1 /* LaunchScreen.storyboard in Resources */,
				52E69653271DCC7E00C4DAC1 /* Assets.xcassets in Resources */,
				52E69651271DCC7B00C4DAC1 /* Main.storyboard in Resources */,
			);
			runOnlyForDeploymentPostprocessing = 0;
		};
/* End PBXResourcesBuildPhase section */

/* Begin PBXSourcesBuildPhase section */
		52E69642271DCC7B00C4DAC1 /* Sources */ = {
			isa = PBXSourcesBuildPhase;
			buildActionMask = 2147483647;
			files = (
				5229FBAD2727978C00967EF5 /* DetailViewController.swift in Sources */,
				52E6965F271DE77D00C4DAC1 /* LoginViewController.swift in Sources */,
				52E6964E271DCC7B00C4DAC1 /* ViewController.swift in Sources */,
				52E6964A271DCC7B00C4DAC1 /* AppDelegate.swift in Sources */,
				52F1BE702722586000E0AA45 /* OrderViewController.swift in Sources */,
				AE101798272CEF1E00672624 /* ChangePassControllerVC.swift in Sources */,
				52E6964C271DCC7B00C4DAC1 /* SceneDelegate.swift in Sources */,
				52E69661271DFE1600C4DAC1 /* SignUpViewController.swift in Sources */,
				52F1BE7827226AE600E0AA45 /* OrderTableViewCell.swift in Sources */,
				52F1BE742722587800E0AA45 /* ProfileViewController.swift in Sources */,
				AE1B6E61272AB399001C6E48 /* ChangePFControllerVC.swift in Sources */,
				52CAB1422721E7FD004EB6ED /* HomeViewController.swift in Sources */,
				AE96CE5B272AA65700BE26B4 /* UpdatePFControlerVC.swift in Sources */,
				52F1BE722722586F00E0AA45 /* LocationViewController.swift in Sources */,
			);
			runOnlyForDeploymentPostprocessing = 0;
		};
/* End PBXSourcesBuildPhase section */

/* Begin PBXVariantGroup section */
		52E6964F271DCC7B00C4DAC1 /* Main.storyboard */ = {
			isa = PBXVariantGroup;
			children = (
				52E69650271DCC7B00C4DAC1 /* Base */,
			);
			name = Main.storyboard;
			sourceTree = "<group>";
		};
		52E69654271DCC7E00C4DAC1 /* LaunchScreen.storyboard */ = {
			isa = PBXVariantGroup;
			children = (
				52E69655271DCC7E00C4DAC1 /* Base */,
			);
			name = LaunchScreen.storyboard;
			sourceTree = "<group>";
		};
/* End PBXVariantGroup section */

/* Begin XCBuildConfiguration section */
		52E69658271DCC7E00C4DAC1 /* Debug */ = {
			isa = XCBuildConfiguration;
			buildSettings = {
				ALWAYS_SEARCH_USER_PATHS = NO;
				CLANG_ANALYZER_NONNULL = YES;
				CLANG_ANALYZER_NUMBER_OBJECT_CONVERSION = YES_AGGRESSIVE;
				CLANG_CXX_LANGUAGE_STANDARD = "gnu++17";
				CLANG_CXX_LIBRARY = "libc++";
				CLANG_ENABLE_MODULES = YES;
				CLANG_ENABLE_OBJC_ARC = YES;
				CLANG_ENABLE_OBJC_WEAK = YES;
				CLANG_WARN_BLOCK_CAPTURE_AUTORELEASING = YES;
				CLANG_WARN_BOOL_CONVERSION = YES;
				CLANG_WARN_COMMA = YES;
				CLANG_WARN_CONSTANT_CONVERSION = YES;
				CLANG_WARN_DEPRECATED_OBJC_IMPLEMENTATIONS = YES;
				CLANG_WARN_DIRECT_OBJC_ISA_USAGE = YES_ERROR;
				CLANG_WARN_DOCUMENTATION_COMMENTS = YES;
				CLANG_WARN_EMPTY_BODY = YES;
				CLANG_WARN_ENUM_CONVERSION = YES;
				CLANG_WARN_INFINITE_RECURSION = YES;
				CLANG_WARN_INT_CONVERSION = YES;
				CLANG_WARN_NON_LITERAL_NULL_CONVERSION = YES;
				CLANG_WARN_OBJC_IMPLICIT_RETAIN_SELF = YES;
				CLANG_WARN_OBJC_LITERAL_CONVERSION = YES;
				CLANG_WARN_OBJC_ROOT_CLASS = YES_ERROR;
				CLANG_WARN_QUOTED_INCLUDE_IN_FRAMEWORK_HEADER = YES;
				CLANG_WARN_RANGE_LOOP_ANALYSIS = YES;
				CLANG_WARN_STRICT_PROTOTYPES = YES;
				CLANG_WARN_SUSPICIOUS_MOVE = YES;
				CLANG_WARN_UNGUARDED_AVAILABILITY = YES_AGGRESSIVE;
				CLANG_WARN_UNREACHABLE_CODE = YES;
				CLANG_WARN__DUPLICATE_METHOD_MATCH = YES;
				COPY_PHASE_STRIP = NO;
				DEBUG_INFORMATION_FORMAT = dwarf;
				ENABLE_STRICT_OBJC_MSGSEND = YES;
				ENABLE_TESTABILITY = YES;
				GCC_C_LANGUAGE_STANDARD = gnu11;
				GCC_DYNAMIC_NO_PIC = NO;
				GCC_NO_COMMON_BLOCKS = YES;
				GCC_OPTIMIZATION_LEVEL = 0;
				GCC_PREPROCESSOR_DEFINITIONS = (
					"DEBUG=1",
					"$(inherited)",
				);
				GCC_WARN_64_TO_32_BIT_CONVERSION = YES;
				GCC_WARN_ABOUT_RETURN_TYPE = YES_ERROR;
				GCC_WARN_UNDECLARED_SELECTOR = YES;
				GCC_WARN_UNINITIALIZED_AUTOS = YES_AGGRESSIVE;
				GCC_WARN_UNUSED_FUNCTION = YES;
				GCC_WARN_UNUSED_VARIABLE = YES;
				IPHONEOS_DEPLOYMENT_TARGET = 15.0;
				MTL_ENABLE_DEBUG_INFO = INCLUDE_SOURCE;
				MTL_FAST_MATH = YES;
				ONLY_ACTIVE_ARCH = YES;
				SDKROOT = iphoneos;
				SWIFT_ACTIVE_COMPILATION_CONDITIONS = DEBUG;
				SWIFT_OPTIMIZATION_LEVEL = "-Onone";
			};
			name = Debug;
		};
		52E69659271DCC7E00C4DAC1 /* Release */ = {
			isa = XCBuildConfiguration;
			buildSettings = {
				ALWAYS_SEARCH_USER_PATHS = NO;
				CLANG_ANALYZER_NONNULL = YES;
				CLANG_ANALYZER_NUMBER_OBJECT_CONVERSION = YES_AGGRESSIVE;
				CLANG_CXX_LANGUAGE_STANDARD = "gnu++17";
				CLANG_CXX_LIBRARY = "libc++";
				CLANG_ENABLE_MODULES = YES;
				CLANG_ENABLE_OBJC_ARC = YES;
				CLANG_ENABLE_OBJC_WEAK = YES;
				CLANG_WARN_BLOCK_CAPTURE_AUTORELEASING = YES;
				CLANG_WARN_BOOL_CONVERSION = YES;
				CLANG_WARN_COMMA = YES;
				CLANG_WARN_CONSTANT_CONVERSION = YES;
				CLANG_WARN_DEPRECATED_OBJC_IMPLEMENTATIONS = YES;
				CLANG_WARN_DIRECT_OBJC_ISA_USAGE = YES_ERROR;
				CLANG_WARN_DOCUMENTATION_COMMENTS = YES;
				CLANG_WARN_EMPTY_BODY = YES;
				CLANG_WARN_ENUM_CONVERSION = YES;
				CLANG_WARN_INFINITE_RECURSION = YES;
				CLANG_WARN_INT_CONVERSION = YES;
				CLANG_WARN_NON_LITERAL_NULL_CONVERSION = YES;
				CLANG_WARN_OBJC_IMPLICIT_RETAIN_SELF = YES;
				CLANG_WARN_OBJC_LITERAL_CONVERSION = YES;
				CLANG_WARN_OBJC_ROOT_CLASS = YES_ERROR;
				CLANG_WARN_QUOTED_INCLUDE_IN_FRAMEWORK_HEADER = YES;
				CLANG_WARN_RANGE_LOOP_ANALYSIS = YES;
				CLANG_WARN_STRICT_PROTOTYPES = YES;
				CLANG_WARN_SUSPICIOUS_MOVE = YES;
				CLANG_WARN_UNGUARDED_AVAILABILITY = YES_AGGRESSIVE;
				CLANG_WARN_UNREACHABLE_CODE = YES;
				CLANG_WARN__DUPLICATE_METHOD_MATCH = YES;
				COPY_PHASE_STRIP = NO;
				DEBUG_INFORMATION_FORMAT = "dwarf-with-dsym";
				ENABLE_NS_ASSERTIONS = NO;
				ENABLE_STRICT_OBJC_MSGSEND = YES;
				GCC_C_LANGUAGE_STANDARD = gnu11;
				GCC_NO_COMMON_BLOCKS = YES;
				GCC_WARN_64_TO_32_BIT_CONVERSION = YES;
				GCC_WARN_ABOUT_RETURN_TYPE = YES_ERROR;
				GCC_WARN_UNDECLARED_SELECTOR = YES;
				GCC_WARN_UNINITIALIZED_AUTOS = YES_AGGRESSIVE;
				GCC_WARN_UNUSED_FUNCTION = YES;
				GCC_WARN_UNUSED_VARIABLE = YES;
				IPHONEOS_DEPLOYMENT_TARGET = 15.0;
				MTL_ENABLE_DEBUG_INFO = NO;
				MTL_FAST_MATH = YES;
				SDKROOT = iphoneos;
				SWIFT_COMPILATION_MODE = wholemodule;
				SWIFT_OPTIMIZATION_LEVEL = "-O";
				VALIDATE_PRODUCT = YES;
			};
			name = Release;
		};
		52E6965B271DCC7E00C4DAC1 /* Debug */ = {
			isa = XCBuildConfiguration;
			buildSettings = {
				ASSETCATALOG_COMPILER_APPICON_NAME = AppIcon;
				ASSETCATALOG_COMPILER_GLOBAL_ACCENT_COLOR_NAME = AccentColor;
				CODE_SIGN_STYLE = Automatic;
				CURRENT_PROJECT_VERSION = 1;
				GENERATE_INFOPLIST_FILE = YES;
				INFOPLIST_FILE = coffeeHub/Info.plist;
				INFOPLIST_KEY_UIApplicationSupportsIndirectInputEvents = YES;
				INFOPLIST_KEY_UILaunchStoryboardName = LaunchScreen;
				INFOPLIST_KEY_UIMainStoryboardFile = Main;
				INFOPLIST_KEY_UISupportedInterfaceOrientations_iPad = "UIInterfaceOrientationPortrait UIInterfaceOrientationPortraitUpsideDown UIInterfaceOrientationLandscapeLeft UIInterfaceOrientationLandscapeRight";
				INFOPLIST_KEY_UISupportedInterfaceOrientations_iPhone = "UIInterfaceOrientationPortrait UIInterfaceOrientationLandscapeLeft UIInterfaceOrientationLandscapeRight";
				LD_RUNPATH_SEARCH_PATHS = (
					"$(inherited)",
					"@executable_path/Frameworks",
				);
				MARKETING_VERSION = 1.0;
				PRODUCT_BUNDLE_IDENTIFIER = com.coffeeHub;
				PRODUCT_NAME = "$(TARGET_NAME)";
				SWIFT_EMIT_LOC_STRINGS = YES;
				SWIFT_VERSION = 5.0;
				TARGETED_DEVICE_FAMILY = "1,2";
			};
			name = Debug;
		};
		52E6965C271DCC7E00C4DAC1 /* Release */ = {
			isa = XCBuildConfiguration;
			buildSettings = {
				ASSETCATALOG_COMPILER_APPICON_NAME = AppIcon;
				ASSETCATALOG_COMPILER_GLOBAL_ACCENT_COLOR_NAME = AccentColor;
				CODE_SIGN_STYLE = Automatic;
				CURRENT_PROJECT_VERSION = 1;
				GENERATE_INFOPLIST_FILE = YES;
				INFOPLIST_FILE = coffeeHub/Info.plist;
				INFOPLIST_KEY_UIApplicationSupportsIndirectInputEvents = YES;
				INFOPLIST_KEY_UILaunchStoryboardName = LaunchScreen;
				INFOPLIST_KEY_UIMainStoryboardFile = Main;
				INFOPLIST_KEY_UISupportedInterfaceOrientations_iPad = "UIInterfaceOrientationPortrait UIInterfaceOrientationPortraitUpsideDown UIInterfaceOrientationLandscapeLeft UIInterfaceOrientationLandscapeRight";
				INFOPLIST_KEY_UISupportedInterfaceOrientations_iPhone = "UIInterfaceOrientationPortrait UIInterfaceOrientationLandscapeLeft UIInterfaceOrientationLandscapeRight";
				LD_RUNPATH_SEARCH_PATHS = (
					"$(inherited)",
					"@executable_path/Frameworks",
				);
				MARKETING_VERSION = 1.0;
				PRODUCT_BUNDLE_IDENTIFIER = com.coffeeHub;
				PRODUCT_NAME = "$(TARGET_NAME)";
				SWIFT_EMIT_LOC_STRINGS = YES;
				SWIFT_VERSION = 5.0;
				TARGETED_DEVICE_FAMILY = "1,2";
			};
			name = Release;
		};
/* End XCBuildConfiguration section */

/* Begin XCConfigurationList section */
		52E69641271DCC7B00C4DAC1 /* Build configuration list for PBXProject "coffeeHub" */ = {
			isa = XCConfigurationList;
			buildConfigurations = (
				52E69658271DCC7E00C4DAC1 /* Debug */,
				52E69659271DCC7E00C4DAC1 /* Release */,
			);
			defaultConfigurationIsVisible = 0;
			defaultConfigurationName = Release;
		};
		52E6965A271DCC7E00C4DAC1 /* Build configuration list for PBXNativeTarget "coffeeHub" */ = {
			isa = XCConfigurationList;
			buildConfigurations = (
				52E6965B271DCC7E00C4DAC1 /* Debug */,
				52E6965C271DCC7E00C4DAC1 /* Release */,
			);
			defaultConfigurationIsVisible = 0;
			defaultConfigurationName = Release;
		};
/* End XCConfigurationList section */
	};
	rootObject = 52E6963E271DCC7B00C4DAC1 /* Project object */;
}
